Microsoft Visual Studio Solution File, Format Version 12.00
# Visual Studio Version 17
VisualStudioVersion = 17.5.2.0
MinimumVisualStudioVersion = 10.0.40219.1
Project("{FAE04EC0-301F-11D3-BF4B-00C04F79EFBC}") = "MiniHelpDesk", "MiniHelpDesk.csproj", "{1525275F-290C-CFF9-BC58-A84F8280F710}"
EndProject
Global
	GlobalSection(SolutionConfigurationPlatforms) = preSolution
		Debug|Any CPU = Debug|Any CPU
		Release|Any CPU = Release|Any CPU
	EndGlobalSection
	GlobalSection(ProjectConfigurationPlatforms) = postSolution
		{1525275F-290C-CFF9-BC58-A84F8280F710}.Debug|Any CPU.ActiveCfg = Debug|Any CPU
		{1525275F-290C-CFF9-BC58-A84F8280F710}.Debug|Any CPU.Build.0 = Debug|Any CPU
		{1525275F-290C-CFF9-BC58-A84F8280F710}.Release|Any CPU.ActiveCfg = Release|Any CPU
		{1525275F-290C-CFF9-BC58-A84F8280F710}.Release|Any CPU.Build.0 = Release|Any CPU
	EndGlobalSection
	GlobalSection(SolutionProperties) = preSolution
		HideSolutionNode = FALSE
	EndGlobalSection
	GlobalSection(ExtensibilityGlobals) = postSolution
		SolutionGuid = {EC8AFEB9-9D8D-42AE-A643-85E6C2670256}
	EndGlobalSection
EndGlobal
